
Microsoft Visual Studio Solution File, Format Version 12.00
# Visual Studio Version 17
VisualStudioVersion = 17.0.31903.59
MinimumVisualStudioVersion = 10.0.40219.1
Project("{2150E333-8FDC-42A3-9474-1A3956D46DE8}") = "src", "src", "{0D1632AE-AB4D-4945-AEA6-BBE42AE56464}"
EndProject
Project("{2150E333-8FDC-42A3-9474-1A3956D46DE8}") = "services", "services", "{90495879-7C2F-44F8-A8C1-2FBB050E57D1}"
EndProject
Project("{2150E333-8FDC-42A3-9474-1A3956D46DE8}") = "web", "web", "{8FFF3511-6C2E-4A7A-9C64-6DDA5736D8D1}"
EndProject
Project("{2150E333-8FDC-42A3-9474-1A3956D46DE8}") = "buildingBlocks", "buildingBlocks", "{A10EBC99-9C04-4144-8854-F4D7380DDEB7}"
EndProject
Project("{2150E333-8FDC-42A3-9474-1A3956D46DE8}") = "Identidade", "Identidade", "{95381F25-EC2A-49D1-83A0-44B4F8B3D0B0}"
EndProject
Project("{2150E333-8FDC-42A3-9474-1A3956D46DE8}") = "Product", "Product", "{700CDEB3-3EEB-4D60-9F21-755E764AE9BE}"
EndProject
Project("{9A19103F-16F7-4668-BE54-9A1E7A4F7556}") = "WSM.Catalog.Api", "src\services\WSM.Product.Api\WSM.Catalog.Api.csproj", "{F168C052-F751-4DC7-923E-BF6A0ACCA76D}"
EndProject
Project("{2150E333-8FDC-42A3-9474-1A3956D46DE8}") = "tests", "tests", "{F932614D-C11E-40A1-9AF1-180707D823B7}"
EndProject
Project("{FAE04EC0-301F-11D3-BF4B-00C04F79EFBC}") = "WSM.Catalog.Tests", "WSM.Catalog.Tests\WSM.Catalog.Tests.csproj", "{970E6121-9C2C-4D6E-865B-88C4FBA551BC}"
EndProject
Global
	GlobalSection(SolutionConfigurationPlatforms) = preSolution
		Debug|Any CPU = Debug|Any CPU
		Release|Any CPU = Release|Any CPU
	EndGlobalSection
	GlobalSection(ProjectConfigurationPlatforms) = postSolution
		{F168C052-F751-4DC7-923E-BF6A0ACCA76D}.Debug|Any CPU.ActiveCfg = Debug|Any CPU
		{F168C052-F751-4DC7-923E-BF6A0ACCA76D}.Debug|Any CPU.Build.0 = Debug|Any CPU
		{F168C052-F751-4DC7-923E-BF6A0ACCA76D}.Release|Any CPU.ActiveCfg = Release|Any CPU
		{F168C052-F751-4DC7-923E-BF6A0ACCA76D}.Release|Any CPU.Build.0 = Release|Any CPU
		{970E6121-9C2C-4D6E-865B-88C4FBA551BC}.Debug|Any CPU.ActiveCfg = Debug|Any CPU
		{970E6121-9C2C-4D6E-865B-88C4FBA551BC}.Debug|Any CPU.Build.0 = Debug|Any CPU
		{970E6121-9C2C-4D6E-865B-88C4FBA551BC}.Release|Any CPU.ActiveCfg = Release|Any CPU
		{970E6121-9C2C-4D6E-865B-88C4FBA551BC}.Release|Any CPU.Build.0 = Release|Any CPU
	EndGlobalSection
	GlobalSection(SolutionProperties) = preSolution
		HideSolutionNode = FALSE
	EndGlobalSection
	GlobalSection(NestedProjects) = preSolution
		{90495879-7C2F-44F8-A8C1-2FBB050E57D1} = {0D1632AE-AB4D-4945-AEA6-BBE42AE56464}
		{8FFF3511-6C2E-4A7A-9C64-6DDA5736D8D1} = {0D1632AE-AB4D-4945-AEA6-BBE42AE56464}
		{A10EBC99-9C04-4144-8854-F4D7380DDEB7} = {0D1632AE-AB4D-4945-AEA6-BBE42AE56464}
		{95381F25-EC2A-49D1-83A0-44B4F8B3D0B0} = {90495879-7C2F-44F8-A8C1-2FBB050E57D1}
		{700CDEB3-3EEB-4D60-9F21-755E764AE9BE} = {90495879-7C2F-44F8-A8C1-2FBB050E57D1}
		{F168C052-F751-4DC7-923E-BF6A0ACCA76D} = {700CDEB3-3EEB-4D60-9F21-755E764AE9BE}
		{F932614D-C11E-40A1-9AF1-180707D823B7} = {0D1632AE-AB4D-4945-AEA6-BBE42AE56464}
		{970E6121-9C2C-4D6E-865B-88C4FBA551BC} = {F932614D-C11E-40A1-9AF1-180707D823B7}
	EndGlobalSection
	GlobalSection(ExtensibilityGlobals) = postSolution
		SolutionGuid = {BE6C216C-94D9-4435-82F4-7F7927B27C0A}
	EndGlobalSection
EndGlobal
